
Microsoft Visual Studio Solution File, Format Version 12.00
# Visual Studio 15
VisualStudioVersion = 15.0.28010.2046
MinimumVisualStudioVersion = 10.0.40219.1
Project("{FAE04EC0-301F-11D3-BF4B-00C04F79EFBC}") = "WebApplication1", "WebApplication1\WebApplication1.csproj", "{729E744D-6CF6-42F0-9134-C53FA79FFA21}"
EndProject
Global
	GlobalSection(SolutionConfigurationPlatforms) = preSolution
		Debug|Any CPU = Debug|Any CPU
		Release|Any CPU = Release|Any CPU
	EndGlobalSection
	GlobalSection(ProjectConfigurationPlatforms) = postSolution
		{729E744D-6CF6-42F0-9134-C53FA79FFA21}.Debug|Any CPU.ActiveCfg = Debug|Any CPU
		{729E744D-6CF6-42F0-9134-C53FA79FFA21}.Debug|Any CPU.Build.0 = Debug|Any CPU
		{729E744D-6CF6-42F0-9134-C53FA79FFA21}.Release|Any CPU.ActiveCfg = Release|Any CPU
		{729E744D-6CF6-42F0-9134-C53FA79FFA21}.Release|Any CPU.Build.0 = Release|Any CPU
	EndGlobalSection
	GlobalSection(SolutionProperties) = preSolution
		HideSolutionNode = FALSE
	EndGlobalSection
	GlobalSection(ExtensibilityGlobals) = postSolution
		SolutionGuid = {9B3FCB58-163F-4300-BC91-6F6BD8E58CC1}
	EndGlobalSection
EndGlobal
